
Microsoft Visual Studio Solution File, Format Version 12.00
# Visual Studio Version 17
VisualStudioVersion = 17.8.34205.153
MinimumVisualStudioVersion = 10.0.40219.1
Project("{9A19103F-16F7-4668-BE54-9A1E7A4F7556}") = "DistPubSub", "DistPubSub\DistPubSub.csproj", "{C3202962-D463-4779-888F-9EA364639B36}"
EndProject
Project("{9A19103F-16F7-4668-BE54-9A1E7A4F7556}") = "lib", "lib\lib.csproj", "{420B692B-CB95-45EB-98E0-0235FA2C88B5}"
EndProject
Project("{9A19103F-16F7-4668-BE54-9A1E7A4F7556}") = "Client", "Client\Client.csproj", "{ABFCE452-E54A-4AAF-89FD-33A354494E60}"
EndProject
Project("{9A19103F-16F7-4668-BE54-9A1E7A4F7556}") = "Server", "Server\Server.csproj", "{A38BBF7C-5C20-44A9-83A9-82D2C75DD197}"
EndProject
Project("{9A19103F-16F7-4668-BE54-9A1E7A4F7556}") = "Client_Sub", "Client_Sub\Client_Sub.csproj", "{19826E6A-533A-47B5-B4C9-783C40F5421C}"
EndProject
Project("{FAE04EC0-301F-11D3-BF4B-00C04F79EFBC}") = "Schedualer", "Schedualer\Schedualer.csproj", "{2CC08887-31EF-4F2A-A7DD-A155D8A061AC}"
EndProject
Project("{FAE04EC0-301F-11D3-BF4B-00C04F79EFBC}") = "DistPubSub.Tests", "DistPubSub.Tests\DistPubSub.Tests.csproj", "{4F83A47A-29FF-4488-B2F3-045E1187BF73}"
EndProject
Global
	GlobalSection(SolutionConfigurationPlatforms) = preSolution
		Debug|Any CPU = Debug|Any CPU
		Debug|x64 = Debug|x64
		Debug|x86 = Debug|x86
		Release|Any CPU = Release|Any CPU
		Release|x64 = Release|x64
		Release|x86 = Release|x86
	EndGlobalSection
	GlobalSection(ProjectConfigurationPlatforms) = postSolution
		{C3202962-D463-4779-888F-9EA364639B36}.Debug|Any CPU.ActiveCfg = Debug|Any CPU
		{C3202962-D463-4779-888F-9EA364639B36}.Debug|Any CPU.Build.0 = Debug|Any CPU
		{C3202962-D463-4779-888F-9EA364639B36}.Debug|x64.ActiveCfg = Debug|Any CPU
		{C3202962-D463-4779-888F-9EA364639B36}.Debug|x64.Build.0 = Debug|Any CPU
		{C3202962-D463-4779-888F-9EA364639B36}.Debug|x86.ActiveCfg = Debug|Any CPU
		{C3202962-D463-4779-888F-9EA364639B36}.Debug|x86.Build.0 = Debug|Any CPU
		{C3202962-D463-4779-888F-9EA364639B36}.Release|Any CPU.ActiveCfg = Release|Any CPU
		{C3202962-D463-4779-888F-9EA364639B36}.Release|Any CPU.Build.0 = Release|Any CPU
		{C3202962-D463-4779-888F-9EA364639B36}.Release|x64.ActiveCfg = Release|Any CPU
		{C3202962-D463-4779-888F-9EA364639B36}.Release|x64.Build.0 = Release|Any CPU
		{C3202962-D463-4779-888F-9EA364639B36}.Release|x86.ActiveCfg = Release|Any CPU
		{C3202962-D463-4779-888F-9EA364639B36}.Release|x86.Build.0 = Release|Any CPU
		{420B692B-CB95-45EB-98E0-0235FA2C88B5}.Debug|Any CPU.ActiveCfg = Debug|Any CPU
		{420B692B-CB95-45EB-98E0-0235FA2C88B5}.Debug|Any CPU.Build.0 = Debug|Any CPU
		{420B692B-CB95-45EB-98E0-0235FA2C88B5}.Debug|x64.ActiveCfg = Debug|Any CPU
		{420B692B-CB95-45EB-98E0-0235FA2C88B5}.Debug|x64.Build.0 = Debug|Any CPU
		{420B692B-CB95-45EB-98E0-0235FA2C88B5}.Debug|x86.ActiveCfg = Debug|Any CPU
		{420B692B-CB95-45EB-98E0-0235FA2C88B5}.Debug|x86.Build.0 = Debug|Any CPU
		{420B692B-CB95-45EB-98E0-0235FA2C88B5}.Release|Any CPU.ActiveCfg = Release|Any CPU
		{420B692B-CB95-45EB-98E0-0235FA2C88B5}.Release|Any CPU.Build.0 = Release|Any CPU
		{420B692B-CB95-45EB-98E0-0235FA2C88B5}.Release|x64.ActiveCfg = Release|Any CPU
		{420B692B-CB95-45EB-98E0-0235FA2C88B5}.Release|x64.Build.0 = Release|Any CPU
		{420B692B-CB95-45EB-98E0-0235FA2C88B5}.Release|x86.ActiveCfg = Release|Any CPU
		{420B692B-CB95-45EB-98E0-0235FA2C88B5}.Release|x86.Build.0 = Release|Any CPU
		{ABFCE452-E54A-4AAF-89FD-33A354494E60}.Debug|Any CPU.ActiveCfg = Debug|Any CPU
		{ABFCE452-E54A-4AAF-89FD-33A354494E60}.Debug|Any CPU.Build.0 = Debug|Any CPU
		{ABFCE452-E54A-4AAF-89FD-33A354494E60}.Debug|x64.ActiveCfg = Debug|Any CPU
		{ABFCE452-E54A-4AAF-89FD-33A354494E60}.Debug|x64.Build.0 = Debug|Any CPU
		{ABFCE452-E54A-4AAF-89FD-33A354494E60}.Debug|x86.ActiveCfg = Debug|Any CPU
		{ABFCE452-E54A-4AAF-89FD-33A354494E60}.Debug|x86.Build.0 = Debug|Any CPU
		{ABFCE452-E54A-4AAF-89FD-33A354494E60}.Release|Any CPU.ActiveCfg = Release|Any CPU
		{ABFCE452-E54A-4AAF-89FD-33A354494E60}.Release|Any CPU.Build.0 = Release|Any CPU
		{ABFCE452-E54A-4AAF-89FD-33A354494E60}.Release|x64.ActiveCfg = Release|Any CPU
		{ABFCE452-E54A-4AAF-89FD-33A354494E60}.Release|x64.Build.0 = Release|Any CPU
		{ABFCE452-E54A-4AAF-89FD-33A354494E60}.Release|x86.ActiveCfg = Release|Any CPU
		{ABFCE452-E54A-4AAF-89FD-33A354494E60}.Release|x86.Build.0 = Release|Any CPU
		{A38BBF7C-5C20-44A9-83A9-82D2C75DD197}.Debug|Any CPU.ActiveCfg = Debug|Any CPU
		{A38BBF7C-5C20-44A9-83A9-82D2C75DD197}.Debug|Any CPU.Build.0 = Debug|Any CPU
		{A38BBF7C-5C20-44A9-83A9-82D2C75DD197}.Debug|x64.ActiveCfg = Debug|Any CPU
		{A38BBF7C-5C20-44A9-83A9-82D2C75DD197}.Debug|x64.Build.0 = Debug|Any CPU
		{A38BBF7C-5C20-44A9-83A9-82D2C75DD197}.Debug|x86.ActiveCfg = Debug|Any CPU
		{A38BBF7C-5C20-44A9-83A9-82D2C75DD197}.Debug|x86.Build.0 = Debug|Any CPU
		{A38BBF7C-5C20-44A9-83A9-82D2C75DD197}.Release|Any CPU.ActiveCfg = Release|Any CPU
		{A38BBF7C-5C20-44A9-83A9-82D2C75DD197}.Release|Any CPU.Build.0 = Release|Any CPU
		{A38BBF7C-5C20-44A9-83A9-82D2C75DD197}.Release|x64.ActiveCfg = Release|Any CPU
		{A38BBF7C-5C20-44A9-83A9-82D2C75DD197}.Release|x64.Build.0 = Release|Any CPU
		{A38BBF7C-5C20-44A9-83A9-82D2C75DD197}.Release|x86.ActiveCfg = Release|Any CPU
		{A38BBF7C-5C20-44A9-83A9-82D2C75DD197}.Release|x86.Build.0 = Release|Any CPU
		{19826E6A-533A-47B5-B4C9-783C40F5421C}.Debug|Any CPU.ActiveCfg = Debug|Any CPU
		{19826E6A-533A-47B5-B4C9-783C40F5421C}.Debug|Any CPU.Build.0 = Debug|Any CPU
		{19826E6A-533A-47B5-B4C9-783C40F5421C}.Debug|x64.ActiveCfg = Debug|Any CPU
		{19826E6A-533A-47B5-B4C9-783C40F5421C}.Debug|x64.Build.0 = Debug|Any CPU
		{19826E6A-533A-47B5-B4C9-783C40F5421C}.Debug|x86.ActiveCfg = Debug|Any CPU
		{19826E6A-533A-47B5-B4C9-783C40F5421C}.Debug|x86.Build.0 = Debug|Any CPU
		{19826E6A-533A-47B5-B4C9-783C40F5421C}.Release|Any CPU.ActiveCfg = Release|Any CPU
		{19826E6A-533A-47B5-B4C9-783C40F5421C}.Release|Any CPU.Build.0 = Release|Any CPU
		{19826E6A-533A-47B5-B4C9-783C40F5421C}.Release|x64.ActiveCfg = Release|Any CPU
		{19826E6A-533A-47B5-B4C9-783C40F5421C}.Release|x64.Build.0 = Release|Any CPU
		{19826E6A-533A-47B5-B4C9-783C40F5421C}.Release|x86.ActiveCfg = Release|Any CPU
		{19826E6A-533A-47B5-B4C9-783C40F5421C}.Release|x86.Build.0 = Release|Any CPU
		{2CC08887-31EF-4F2A-A7DD-A155D8A061AC}.Debug|Any CPU.ActiveCfg = Debug|Any CPU
		{2CC08887-31EF-4F2A-A7DD-A155D8A061AC}.Debug|Any CPU.Build.0 = Debug|Any CPU
		{2CC08887-31EF-4F2A-A7DD-A155D8A061AC}.Debug|x64.ActiveCfg = Debug|Any CPU
		{2CC08887-31EF-4F2A-A7DD-A155D8A061AC}.Debug|x64.Build.0 = Debug|Any CPU
		{2CC08887-31EF-4F2A-A7DD-A155D8A061AC}.Debug|x86.ActiveCfg = Debug|Any CPU
		{2CC08887-31EF-4F2A-A7DD-A155D8A061AC}.Debug|x86.Build.0 = Debug|Any CPU
		{2CC08887-31EF-4F2A-A7DD-A155D8A061AC}.Release|Any CPU.ActiveCfg = Release|Any CPU
		{2CC08887-31EF-4F2A-A7DD-A155D8A061AC}.Release|Any CPU.Build.0 = Release|Any CPU
		{2CC08887-31EF-4F2A-A7DD-A155D8A061AC}.Release|x64.ActiveCfg = Release|Any CPU
		{2CC08887-31EF-4F2A-A7DD-A155D8A061AC}.Release|x64.Build.0 = Release|Any CPU
		{2CC08887-31EF-4F2A-A7DD-A155D8A061AC}.Release|x86.ActiveCfg = Release|Any CPU
		{2CC08887-31EF-4F2A-A7DD-A155D8A061AC}.Release|x86.Build.0 = Release|Any CPU
		{4F83A47A-29FF-4488-B2F3-045E1187BF73}.Debug|Any CPU.ActiveCfg = Debug|Any CPU
		{4F83A47A-29FF-4488-B2F3-045E1187BF73}.Debug|Any CPU.Build.0 = Debug|Any CPU
		{4F83A47A-29FF-4488-B2F3-045E1187BF73}.Debug|x64.ActiveCfg = Debug|Any CPU
		{4F83A47A-29FF-4488-B2F3-045E1187BF73}.Debug|x64.Build.0 = Debug|Any CPU
		{4F83A47A-29FF-4488-B2F3-045E1187BF73}.Debug|x86.ActiveCfg = Debug|Any CPU
		{4F83A47A-29FF-4488-B2F3-045E1187BF73}.Debug|x86.Build.0 = Debug|Any CPU
		{4F83A47A-29FF-4488-B2F3-045E1187BF73}.Release|Any CPU.ActiveCfg = Release|Any CPU
		{4F83A47A-29FF-4488-B2F3-045E1187BF73}.Release|Any CPU.Build.0 = Release|Any CPU
		{4F83A47A-29FF-4488-B2F3-045E1187BF73}.Release|x64.ActiveCfg = Release|Any CPU
		{4F83A47A-29FF-4488-B2F3-045E1187BF73}.Release|x64.Build.0 = Release|Any CPU
		{4F83A47A-29FF-4488-B2F3-045E1187BF73}.Release|x86.ActiveCfg = Release|Any CPU
		{4F83A47A-29FF-4488-B2F3-045E1187BF73}.Release|x86.Build.0 = Release|Any CPU
	EndGlobalSection
	GlobalSection(SolutionProperties) = preSolution
		HideSolutionNode = FALSE
	EndGlobalSection
	GlobalSection(ExtensibilityGlobals) = postSolution
		SolutionGuid = {00ACA66C-2062-4EBD-A383-7BF6D8746CDE}
	EndGlobalSection
EndGlobal
